
Microsoft Visual Studio Solution File, Format Version 12.00
# Visual Studio Version 16
VisualStudioVersion = 16.0.28803.452
MinimumVisualStudioVersion = 10.0.40219.1
Project("{FAE04EC0-301F-11D3-BF4B-00C04F79EFBC}") = "B8KnjigaUtisaka", "B8KnjigaUtisaka\B8KnjigaUtisaka.csproj", "{2A1BCD1E-4927-4767-8A4F-334C64E749B2}"
EndProject
Global
	GlobalSection(SolutionConfigurationPlatforms) = preSolution
		Debug|Any CPU = Debug|Any CPU
		Release|Any CPU = Release|Any CPU
	EndGlobalSection
	GlobalSection(ProjectConfigurationPlatforms) = postSolution
		{2A1BCD1E-4927-4767-8A4F-334C64E749B2}.Debug|Any CPU.ActiveCfg = Debug|Any CPU
		{2A1BCD1E-4927-4767-8A4F-334C64E749B2}.Debug|Any CPU.Build.0 = Debug|Any CPU
		{2A1BCD1E-4927-4767-8A4F-334C64E749B2}.Release|Any CPU.ActiveCfg = Release|Any CPU
		{2A1BCD1E-4927-4767-8A4F-334C64E749B2}.Release|Any CPU.Build.0 = Release|Any CPU
	EndGlobalSection
	GlobalSection(SolutionProperties) = preSolution
		HideSolutionNode = FALSE
	EndGlobalSection
	GlobalSection(ExtensibilityGlobals) = postSolution
		SolutionGuid = {342B3B34-DC77-4DA6-84FD-CE1754A7219A}
	EndGlobalSection
EndGlobal
